
Microsoft Visual Studio Solution File, Format Version 12.00
# Visual Studio Version 17
VisualStudioVersion = 17.8.34525.116
MinimumVisualStudioVersion = 10.0.40219.1
Project("{FAE04EC0-301F-11D3-BF4B-00C04F79EFBC}") = "Comercio", "Comercio\Comercio.csproj", "{2F28C727-65CC-40F5-BF89-150552225817}"
EndProject
Global
	GlobalSection(SolutionConfigurationPlatforms) = preSolution
		Debug|Any CPU = Debug|Any CPU
		Release|Any CPU = Release|Any CPU
	EndGlobalSection
	GlobalSection(ProjectConfigurationPlatforms) = postSolution
		{2F28C727-65CC-40F5-BF89-150552225817}.Debug|Any CPU.ActiveCfg = Debug|Any CPU
		{2F28C727-65CC-40F5-BF89-150552225817}.Debug|Any CPU.Build.0 = Debug|Any CPU
		{2F28C727-65CC-40F5-BF89-150552225817}.Release|Any CPU.ActiveCfg = Release|Any CPU
		{2F28C727-65CC-40F5-BF89-150552225817}.Release|Any CPU.Build.0 = Release|Any CPU
	EndGlobalSection
	GlobalSection(SolutionProperties) = preSolution
		HideSolutionNode = FALSE
	EndGlobalSection
	GlobalSection(ExtensibilityGlobals) = postSolution
		SolutionGuid = {B63E0433-B420-4F0B-85C6-416923F30B94}
	EndGlobalSection
EndGlobal
